
Microsoft Visual Studio Solution File, Format Version 12.00
# Visual Studio 15
VisualStudioVersion = 15.0.28010.2041
MinimumVisualStudioVersion = 10.0.40219.1
Project("{FAE04EC0-301F-11D3-BF4B-00C04F79EFBC}") = "TogglerService", "TogglerService\TogglerService.csproj", "{F2CC7F90-3504-4657-8096-EA17AAD33E59}"
EndProject
Project("{2150E333-8FDC-42A3-9474-1A3956D46DE8}") = "Solution Items", "Solution Items", "{42C5BB2E-FF4A-44FF-94F8-47A40C268008}"
	ProjectSection(SolutionItems) = preProject
		..\.editorconfig = ..\.editorconfig
		..\.gitattributes = ..\.gitattributes
		..\.gitignore = ..\.gitignore
		..\LICENSE = ..\LICENSE
		..\README.md = ..\README.md
	EndProjectSection
EndProject
Project("{FAE04EC0-301F-11D3-BF4B-00C04F79EFBC}") = "TogglerService.Tests", "..\test\TogglerService.Tests\TogglerService.Tests.csproj", "{57D1F0DB-AA9C-4BD8-881C-06417B51F132}"
EndProject
Global
	GlobalSection(SolutionConfigurationPlatforms) = preSolution
		Debug|Any CPU = Debug|Any CPU
		Release|Any CPU = Release|Any CPU
	EndGlobalSection
	GlobalSection(ProjectConfigurationPlatforms) = postSolution
		{F2CC7F90-3504-4657-8096-EA17AAD33E59}.Debug|Any CPU.ActiveCfg = Debug|Any CPU
		{F2CC7F90-3504-4657-8096-EA17AAD33E59}.Debug|Any CPU.Build.0 = Debug|Any CPU
		{F2CC7F90-3504-4657-8096-EA17AAD33E59}.Release|Any CPU.ActiveCfg = Release|Any CPU
		{F2CC7F90-3504-4657-8096-EA17AAD33E59}.Release|Any CPU.Build.0 = Release|Any CPU
		{57D1F0DB-AA9C-4BD8-881C-06417B51F132}.Debug|Any CPU.ActiveCfg = Debug|Any CPU
		{57D1F0DB-AA9C-4BD8-881C-06417B51F132}.Debug|Any CPU.Build.0 = Debug|Any CPU
		{57D1F0DB-AA9C-4BD8-881C-06417B51F132}.Release|Any CPU.ActiveCfg = Release|Any CPU
		{57D1F0DB-AA9C-4BD8-881C-06417B51F132}.Release|Any CPU.Build.0 = Release|Any CPU
	EndGlobalSection
	GlobalSection(SolutionProperties) = preSolution
		HideSolutionNode = FALSE
	EndGlobalSection
	GlobalSection(ExtensibilityGlobals) = postSolution
		SolutionGuid = {95E4F16D-BC6D-4AEA-BF82-8E860D93E4B7}
	EndGlobalSection
EndGlobal
